
Microsoft Visual Studio Solution File, Format Version 12.00
# Visual Studio Version 16
VisualStudioVersion = 16.0.30907.101
MinimumVisualStudioVersion = 10.0.40219.1
Project("{FAE04EC0-301F-11D3-BF4B-00C04F79EFBC}") = "BlazorKendoUI", "BlazorKendoUI.csproj", "{5AE403D7-D29E-4873-92DF-B8249757029F}"
EndProject
Global
	GlobalSection(SolutionConfigurationPlatforms) = preSolution
		Debug|Any CPU = Debug|Any CPU
		Release|Any CPU = Release|Any CPU
	EndGlobalSection
	GlobalSection(ProjectConfigurationPlatforms) = postSolution
		{5AE403D7-D29E-4873-92DF-B8249757029F}.Debug|Any CPU.ActiveCfg = Debug|Any CPU
		{5AE403D7-D29E-4873-92DF-B8249757029F}.Debug|Any CPU.Build.0 = Debug|Any CPU
		{5AE403D7-D29E-4873-92DF-B8249757029F}.Release|Any CPU.ActiveCfg = Release|Any CPU
		{5AE403D7-D29E-4873-92DF-B8249757029F}.Release|Any CPU.Build.0 = Release|Any CPU
	EndGlobalSection
	GlobalSection(SolutionProperties) = preSolution
		HideSolutionNode = FALSE
	EndGlobalSection
	GlobalSection(ExtensibilityGlobals) = postSolution
		SolutionGuid = {FA8E383B-B4C4-4AC1-BBB2-E206F640B0EF}
	EndGlobalSection
EndGlobal
